
Microsoft Visual Studio Solution File, Format Version 12.00
# Visual Studio Version 17
VisualStudioVersion = 17.0.31903.59
MinimumVisualStudioVersion = 10.0.40219.1
Project("{2150E333-8FDC-42A3-9474-1A3956D46DE8}") = "Core", "Core", "{FBF56CC3-7AE6-AD2D-3F14-7F97FD322CD6}"
EndProject
Project("{FAE04EC0-301F-11D3-BF4B-00C04F79EFBC}") = "Crossweave.Core", "Core\Crossweave.Core.csproj", "{045C4B66-8B24-41E1-AB04-FE4416D828D3}"
EndProject
Project("{2150E333-8FDC-42A3-9474-1A3956D46DE8}") = "Infrastructure", "Infrastructure", "{DFEE68D8-A7D0-1A41-506C-9B74AA9A7B7B}"
EndProject
Project("{FAE04EC0-301F-11D3-BF4B-00C04F79EFBC}") = "Crossweave.Infrastructure", "Infrastructure\Crossweave.Infrastructure.csproj", "{0E2013A3-49EC-4D30-BC67-07D48A8C2943}"
EndProject
Project("{2150E333-8FDC-42A3-9474-1A3956D46DE8}") = "Godot", "Godot", "{8D4FAABC-C56A-6D5C-8531-6A6B417F5DBA}"
EndProject
Project("{FAE04EC0-301F-11D3-BF4B-00C04F79EFBC}") = "Crossweave.Proof", "Godot\Crossweave.Proof.csproj", "{7D97AE7A-3994-4FFD-B778-C5E1F27F4262}"
EndProject
Project("{2150E333-8FDC-42A3-9474-1A3956D46DE8}") = "Tests", "Tests", "{0AB3BF05-4346-4AA6-1389-037BE0695223}"
EndProject
Project("{FAE04EC0-301F-11D3-BF4B-00C04F79EFBC}") = "Crossweave.Tests", "Tests\Crossweave.Tests.csproj", "{3571BD20-5EBD-4F9F-B87D-DAB57441A5BA}"
EndProject
Project("{2150E333-8FDC-42A3-9474-1A3956D46DE8}") = "Entry and packaging", "Entry and packaging", "{A8E98D90-4FB3-4CE1-8ECF-2C2770D50BD8}"
	ProjectSection(SolutionItems) = preProject
		README.md = README.md
		packaging\bootstrap.py = packaging\bootstrap.py
		packaging\verify.py = packaging\verify.py
		packaging\toolchain.lock.json = packaging\toolchain.lock.json
		packaging\Windows確認票.md = packaging\Windows確認票.md
	EndProjectSection
EndProject
Global
	GlobalSection(SolutionConfigurationPlatforms) = preSolution
		Debug|Any CPU = Debug|Any CPU
		Debug|x64 = Debug|x64
		Debug|x86 = Debug|x86
		Release|Any CPU = Release|Any CPU
		Release|x64 = Release|x64
		Release|x86 = Release|x86
	EndGlobalSection
	GlobalSection(ProjectConfigurationPlatforms) = postSolution
		{045C4B66-8B24-41E1-AB04-FE4416D828D3}.Debug|Any CPU.ActiveCfg = Debug|Any CPU
		{045C4B66-8B24-41E1-AB04-FE4416D828D3}.Debug|Any CPU.Build.0 = Debug|Any CPU
		{045C4B66-8B24-41E1-AB04-FE4416D828D3}.Debug|x64.ActiveCfg = Debug|Any CPU
		{045C4B66-8B24-41E1-AB04-FE4416D828D3}.Debug|x64.Build.0 = Debug|Any CPU
		{045C4B66-8B24-41E1-AB04-FE4416D828D3}.Debug|x86.ActiveCfg = Debug|Any CPU
		{045C4B66-8B24-41E1-AB04-FE4416D828D3}.Debug|x86.Build.0 = Debug|Any CPU
		{045C4B66-8B24-41E1-AB04-FE4416D828D3}.Release|Any CPU.ActiveCfg = Release|Any CPU
		{045C4B66-8B24-41E1-AB04-FE4416D828D3}.Release|Any CPU.Build.0 = Release|Any CPU
		{045C4B66-8B24-41E1-AB04-FE4416D828D3}.Release|x64.ActiveCfg = Release|Any CPU
		{045C4B66-8B24-41E1-AB04-FE4416D828D3}.Release|x64.Build.0 = Release|Any CPU
		{045C4B66-8B24-41E1-AB04-FE4416D828D3}.Release|x86.ActiveCfg = Release|Any CPU
		{045C4B66-8B24-41E1-AB04-FE4416D828D3}.Release|x86.Build.0 = Release|Any CPU
		{0E2013A3-49EC-4D30-BC67-07D48A8C2943}.Debug|Any CPU.ActiveCfg = Debug|Any CPU
		{0E2013A3-49EC-4D30-BC67-07D48A8C2943}.Debug|Any CPU.Build.0 = Debug|Any CPU
		{0E2013A3-49EC-4D30-BC67-07D48A8C2943}.Debug|x64.ActiveCfg = Debug|Any CPU
		{0E2013A3-49EC-4D30-BC67-07D48A8C2943}.Debug|x64.Build.0 = Debug|Any CPU
		{0E2013A3-49EC-4D30-BC67-07D48A8C2943}.Debug|x86.ActiveCfg = Debug|Any CPU
		{0E2013A3-49EC-4D30-BC67-07D48A8C2943}.Debug|x86.Build.0 = Debug|Any CPU
		{0E2013A3-49EC-4D30-BC67-07D48A8C2943}.Release|Any CPU.ActiveCfg = Release|Any CPU
		{0E2013A3-49EC-4D30-BC67-07D48A8C2943}.Release|Any CPU.Build.0 = Release|Any CPU
		{0E2013A3-49EC-4D30-BC67-07D48A8C2943}.Release|x64.ActiveCfg = Release|Any CPU
		{0E2013A3-49EC-4D30-BC67-07D48A8C2943}.Release|x64.Build.0 = Release|Any CPU
		{0E2013A3-49EC-4D30-BC67-07D48A8C2943}.Release|x86.ActiveCfg = Release|Any CPU
		{0E2013A3-49EC-4D30-BC67-07D48A8C2943}.Release|x86.Build.0 = Release|Any CPU
		{7D97AE7A-3994-4FFD-B778-C5E1F27F4262}.Debug|Any CPU.ActiveCfg = Debug|Any CPU
		{7D97AE7A-3994-4FFD-B778-C5E1F27F4262}.Debug|Any CPU.Build.0 = Debug|Any CPU
		{7D97AE7A-3994-4FFD-B778-C5E1F27F4262}.Debug|x64.ActiveCfg = Debug|Any CPU
		{7D97AE7A-3994-4FFD-B778-C5E1F27F4262}.Debug|x64.Build.0 = Debug|Any CPU
		{7D97AE7A-3994-4FFD-B778-C5E1F27F4262}.Debug|x86.ActiveCfg = Debug|Any CPU
		{7D97AE7A-3994-4FFD-B778-C5E1F27F4262}.Debug|x86.Build.0 = Debug|Any CPU
		{7D97AE7A-3994-4FFD-B778-C5E1F27F4262}.Release|Any CPU.ActiveCfg = Debug|Any CPU
		{7D97AE7A-3994-4FFD-B778-C5E1F27F4262}.Release|Any CPU.Build.0 = Debug|Any CPU
		{7D97AE7A-3994-4FFD-B778-C5E1F27F4262}.Release|x64.ActiveCfg = Debug|Any CPU
		{7D97AE7A-3994-4FFD-B778-C5E1F27F4262}.Release|x64.Build.0 = Debug|Any CPU
		{7D97AE7A-3994-4FFD-B778-C5E1F27F4262}.Release|x86.ActiveCfg = Debug|Any CPU
		{7D97AE7A-3994-4FFD-B778-C5E1F27F4262}.Release|x86.Build.0 = Debug|Any CPU
		{3571BD20-5EBD-4F9F-B87D-DAB57441A5BA}.Debug|Any CPU.ActiveCfg = Debug|Any CPU
		{3571BD20-5EBD-4F9F-B87D-DAB57441A5BA}.Debug|Any CPU.Build.0 = Debug|Any CPU
		{3571BD20-5EBD-4F9F-B87D-DAB57441A5BA}.Debug|x64.ActiveCfg = Debug|Any CPU
		{3571BD20-5EBD-4F9F-B87D-DAB57441A5BA}.Debug|x64.Build.0 = Debug|Any CPU
		{3571BD20-5EBD-4F9F-B87D-DAB57441A5BA}.Debug|x86.ActiveCfg = Debug|Any CPU
		{3571BD20-5EBD-4F9F-B87D-DAB57441A5BA}.Debug|x86.Build.0 = Debug|Any CPU
		{3571BD20-5EBD-4F9F-B87D-DAB57441A5BA}.Release|Any CPU.ActiveCfg = Release|Any CPU
		{3571BD20-5EBD-4F9F-B87D-DAB57441A5BA}.Release|Any CPU.Build.0 = Release|Any CPU
		{3571BD20-5EBD-4F9F-B87D-DAB57441A5BA}.Release|x64.ActiveCfg = Release|Any CPU
		{3571BD20-5EBD-4F9F-B87D-DAB57441A5BA}.Release|x64.Build.0 = Release|Any CPU
		{3571BD20-5EBD-4F9F-B87D-DAB57441A5BA}.Release|x86.ActiveCfg = Release|Any CPU
		{3571BD20-5EBD-4F9F-B87D-DAB57441A5BA}.Release|x86.Build.0 = Release|Any CPU
	EndGlobalSection
	GlobalSection(SolutionProperties) = preSolution
		HideSolutionNode = FALSE
	EndGlobalSection
	GlobalSection(NestedProjects) = preSolution
		{045C4B66-8B24-41E1-AB04-FE4416D828D3} = {FBF56CC3-7AE6-AD2D-3F14-7F97FD322CD6}
		{0E2013A3-49EC-4D30-BC67-07D48A8C2943} = {DFEE68D8-A7D0-1A41-506C-9B74AA9A7B7B}
		{7D97AE7A-3994-4FFD-B778-C5E1F27F4262} = {8D4FAABC-C56A-6D5C-8531-6A6B417F5DBA}
		{3571BD20-5EBD-4F9F-B87D-DAB57441A5BA} = {0AB3BF05-4346-4AA6-1389-037BE0695223}
	EndGlobalSection
EndGlobal
